Microsoft Visual Studio Solution File, Format Version 12.00
# Visual Studio Version 17
VisualStudioVersion = 17.0.31912.275
MinimumVisualStudioVersion = 10.0.40219.1
Project("{9A19103F-16F7-4668-BE54-9A1E7A4F7556}") = "RunOnMainThread.Fody", "RunOnMainThread.Fody\RunOnMainThread.Fody.csproj", "{915579DC-6E79-4A53-9046-35C60C3CFA6E}"
EndProject
Project("{9A19103F-16F7-4668-BE54-9A1E7A4F7556}") = "RunOnMainThread", "RunOnMainThread\RunOnMainThread.csproj", "{60590E7C-772F-4868-A0C3-EA43AB33EBFA}"
EndProject
Project("{2150E333-8FDC-42A3-9474-1A3956D46DE8}") = "SampleApps", "SampleApps", "{F4786BD3-BF72-455F-943F-986901A6C001}"
EndProject
Project("{9A19103F-16F7-4668-BE54-9A1E7A4F7556}") = "RunOnMainThreadSample.Core", "RunOnMainThreadSample.Core\RunOnMainThreadSample.Core.csproj", "{19A9CF0E-859C-4483-B6A2-C885B7B40CDA}"
	ProjectSection(ProjectDependencies) = postProject
		{915579DC-6E79-4A53-9046-35C60C3CFA6E} = {915579DC-6E79-4A53-9046-35C60C3CFA6E}
	EndProjectSection
EndProject
Project("{F184B08F-C81C-45F6-A57F-5ABD9991F28F}") = "RunOnMainThreadSample.WPF", "SampleApps\RunOnMainThreadSample.WPF\RunOnMainThreadSample.WPF.vbproj", "{67117EC8-AC74-4EBB-9429-A889DFC154B0}"
EndProject
Global
	GlobalSection(SolutionConfigurationPlatforms) = preSolution
		Debug|Any CPU = Debug|Any CPU
		Debug|iPhone = Debug|iPhone
		Debug|iPhoneSimulator = Debug|iPhoneSimulator
		Release|Any CPU = Release|Any CPU
		Release|iPhone = Release|iPhone
		Release|iPhoneSimulator = Release|iPhoneSimulator
	EndGlobalSection
	GlobalSection(ProjectConfigurationPlatforms) = postSolution
		{915579DC-6E79-4A53-9046-35C60C3CFA6E}.Debug|Any CPU.ActiveCfg = Debug|Any CPU
		{915579DC-6E79-4A53-9046-35C60C3CFA6E}.Debug|Any CPU.Build.0 = Debug|Any CPU
		{915579DC-6E79-4A53-9046-35C60C3CFA6E}.Debug|iPhone.ActiveCfg = Debug|Any CPU
		{915579DC-6E79-4A53-9046-35C60C3CFA6E}.Debug|iPhone.Build.0 = Debug|Any CPU
		{915579DC-6E79-4A53-9046-35C60C3CFA6E}.Debug|iPhoneSimulator.ActiveCfg = Debug|Any CPU
		{915579DC-6E79-4A53-9046-35C60C3CFA6E}.Debug|iPhoneSimulator.Build.0 = Debug|Any CPU
		{915579DC-6E79-4A53-9046-35C60C3CFA6E}.Release|Any CPU.ActiveCfg = Release|Any CPU
		{915579DC-6E79-4A53-9046-35C60C3CFA6E}.Release|Any CPU.Build.0 = Release|Any CPU
		{915579DC-6E79-4A53-9046-35C60C3CFA6E}.Release|iPhone.ActiveCfg = Release|Any CPU
		{915579DC-6E79-4A53-9046-35C60C3CFA6E}.Release|iPhone.Build.0 = Release|Any CPU
		{915579DC-6E79-4A53-9046-35C60C3CFA6E}.Release|iPhoneSimulator.ActiveCfg = Release|Any CPU
		{915579DC-6E79-4A53-9046-35C60C3CFA6E}.Release|iPhoneSimulator.Build.0 = Release|Any CPU
		{60590E7C-772F-4868-A0C3-EA43AB33EBFA}.Debug|Any CPU.ActiveCfg = Debug|Any CPU
		{60590E7C-772F-4868-A0C3-EA43AB33EBFA}.Debug|Any CPU.Build.0 = Debug|Any CPU
		{60590E7C-772F-4868-A0C3-EA43AB33EBFA}.Debug|iPhone.ActiveCfg = Debug|Any CPU
		{60590E7C-772F-4868-A0C3-EA43AB33EBFA}.Debug|iPhone.Build.0 = Debug|Any CPU
		{60590E7C-772F-4868-A0C3-EA43AB33EBFA}.Debug|iPhoneSimulator.ActiveCfg = Debug|Any CPU
		{60590E7C-772F-4868-A0C3-EA43AB33EBFA}.Debug|iPhoneSimulator.Build.0 = Debug|Any CPU
		{60590E7C-772F-4868-A0C3-EA43AB33EBFA}.Release|Any CPU.ActiveCfg = Release|Any CPU
		{60590E7C-772F-4868-A0C3-EA43AB33EBFA}.Release|Any CPU.Build.0 = Release|Any CPU
		{60590E7C-772F-4868-A0C3-EA43AB33EBFA}.Release|iPhone.ActiveCfg = Release|Any CPU
		{60590E7C-772F-4868-A0C3-EA43AB33EBFA}.Release|iPhone.Build.0 = Release|Any CPU
		{60590E7C-772F-4868-A0C3-EA43AB33EBFA}.Release|iPhoneSimulator.ActiveCfg = Release|Any CPU
		{60590E7C-772F-4868-A0C3-EA43AB33EBFA}.Release|iPhoneSimulator.Build.0 = Release|Any CPU
		{19A9CF0E-859C-4483-B6A2-C885B7B40CDA}.Debug|Any CPU.ActiveCfg = Debug|Any CPU
		{19A9CF0E-859C-4483-B6A2-C885B7B40CDA}.Debug|Any CPU.Build.0 = Debug|Any CPU
		{19A9CF0E-859C-4483-B6A2-C885B7B40CDA}.Debug|iPhone.ActiveCfg = Debug|Any CPU
		{19A9CF0E-859C-4483-B6A2-C885B7B40CDA}.Debug|iPhone.Build.0 = Debug|Any CPU
		{19A9CF0E-859C-4483-B6A2-C885B7B40CDA}.Debug|iPhoneSimulator.ActiveCfg = Debug|Any CPU
		{19A9CF0E-859C-4483-B6A2-C885B7B40CDA}.Debug|iPhoneSimulator.Build.0 = Debug|Any CPU
		{19A9CF0E-859C-4483-B6A2-C885B7B40CDA}.Release|Any CPU.ActiveCfg = Release|Any CPU
		{19A9CF0E-859C-4483-B6A2-C885B7B40CDA}.Release|iPhone.ActiveCfg = Release|Any CPU
		{19A9CF0E-859C-4483-B6A2-C885B7B40CDA}.Release|iPhone.Build.0 = Release|Any CPU
		{19A9CF0E-859C-4483-B6A2-C885B7B40CDA}.Release|iPhoneSimulator.ActiveCfg = Release|Any CPU
		{19A9CF0E-859C-4483-B6A2-C885B7B40CDA}.Release|iPhoneSimulator.Build.0 = Release|Any CPU
		{67117EC8-AC74-4EBB-9429-A889DFC154B0}.Debug|Any CPU.ActiveCfg = Debug|Any CPU
		{67117EC8-AC74-4EBB-9429-A889DFC154B0}.Debug|Any CPU.Build.0 = Debug|Any CPU
		{67117EC8-AC74-4EBB-9429-A889DFC154B0}.Debug|iPhone.ActiveCfg = Debug|Any CPU
		{67117EC8-AC74-4EBB-9429-A889DFC154B0}.Debug|iPhone.Build.0 = Debug|Any CPU
		{67117EC8-AC74-4EBB-9429-A889DFC154B0}.Debug|iPhoneSimulator.ActiveCfg = Debug|Any CPU
		{67117EC8-AC74-4EBB-9429-A889DFC154B0}.Debug|iPhoneSimulator.Build.0 = Debug|Any CPU
		{67117EC8-AC74-4EBB-9429-A889DFC154B0}.Release|Any CPU.ActiveCfg = Release|Any CPU
		{67117EC8-AC74-4EBB-9429-A889DFC154B0}.Release|Any CPU.Build.0 = Release|Any CPU
		{67117EC8-AC74-4EBB-9429-A889DFC154B0}.Release|iPhone.ActiveCfg = Release|Any CPU
		{67117EC8-AC74-4EBB-9429-A889DFC154B0}.Release|iPhone.Build.0 = Release|Any CPU
		{67117EC8-AC74-4EBB-9429-A889DFC154B0}.Release|iPhoneSimulator.ActiveCfg = Release|Any CPU
		{67117EC8-AC74-4EBB-9429-A889DFC154B0}.Release|iPhoneSimulator.Build.0 = Release|Any CPU
	EndGlobalSection
	GlobalSection(SolutionProperties) = preSolution
		HideSolutionNode = FALSE
	EndGlobalSection
	GlobalSection(NestedProjects) = preSolution
		{19A9CF0E-859C-4483-B6A2-C885B7B40CDA} = {F4786BD3-BF72-455F-943F-986901A6C001}
		{67117EC8-AC74-4EBB-9429-A889DFC154B0} = {F4786BD3-BF72-455F-943F-986901A6C001}
	EndGlobalSection
	GlobalSection(ExtensibilityGlobals) = postSolution
		SolutionGuid = {E86BECD3-B1C4-4B7D-8ADB-DBB4C8571620}
	EndGlobalSection
EndGlobal
